// !$*UTF8*$!
{
	archiveVersion = 1;
	classes = {
	};
	objectVersion = 48;
	objects = {

/* Begin PBXBuildFile section */
		D443EF3A206EDC3B000C58CB /* AppDelegate.swift in Sources */ = {isa = PBXBuildFile; fileRef = D443EF39206EDC3B000C58CB /* AppDelegate.swift */; };
		D443EF3C206EDC3B000C58CB /* ViewController.swift in Sources */ = {isa = PBXBuildFile; fileRef = D443EF3B206EDC3B000C58CB /* ViewController.swift */; };
		D443EF3F206EDC3B000C58CB /* Main.storyboard in Resources */ = {isa = PBXBuildFile; fileRef = D443EF3D206EDC3B000C58CB /* Main.storyboard */; };
		D443EF41206EDC3B000C58CB /* Assets.xcassets in Resources */ = {isa = PBXBuildFile; fileRef = D443EF40206EDC3B000C58CB /* Assets.xcassets */; };
		D443EF44206EDC3B000C58CB /* LaunchScreen.storyboard in Resources */ = {isa = PBXBuildFile; fileRef = D443EF42206EDC3B000C58CB /* LaunchScreen.storyboard */; };
		D443EF4F206EDC3B000C58CB /* Pic_a_PupTests.swift in Sources */ = {isa = PBXBuildFile; fileRef = D443EF4E206EDC3B000C58CB /* Pic_a_PupTests.swift */; };
		D443EF5A206EDC3B000C58CB /* Pic_a_PupUITests.swift in Sources */ = {isa = PBXBuildFile; fileRef = D443EF59206EDC3B000C58CB /* Pic_a_PupUITests.swift */; };
/* End PBXBuildFile section */

/* Begin PBXContainerItemProxy section */
		D443EF4B206EDC3B000C58CB /* PBXContainerItemProxy */ = {
			isa = PBXContainerItemProxy;
			containerPortal = D443EF2E206EDC3B000C58CB /* Project object */;
			proxyType = 1;
			remoteGlobalIDString = D443EF35206EDC3B000C58CB;
			remoteInfo = Pic.a.Pup;
		};
		D443EF56206EDC3B000C58CB /* PBXContainerItemProxy */ = {
			isa = PBXContainerItemProxy;
			containerPortal = D443EF2E206EDC3B000C58CB /* Project object */;
			proxyType = 1;
			remoteGlobalIDString = D443EF35206EDC3B000C58CB;
			remoteInfo = Pic.a.Pup;
		};
/* End PBXContainerItemProxy section */

/* Begin PBXFileReference section */
		D443EF36206EDC3B000C58CB /* Pic.a.Pup.app */ = {isa = PBXFileReference; explicitFileType = wrapper.application; includeInIndex = 0; path = Pic.a.Pup.app; sourceTree = BUILT_PRODUCTS_DIR; };
		D443EF39206EDC3B000C58CB /* AppDelegate.swift */ = {isa = PBXFileReference; lastKnownFileType = sourcecode.swift; path = AppDelegate.swift; sourceTree = "<group>"; };
		D443EF3B206EDC3B000C58CB /* ViewController.swift */ = {isa = PBXFileReference; lastKnownFileType = sourcecode.swift; path = ViewController.swift; sourceTree = "<group>"; };
		D443EF3E206EDC3B000C58CB /* Base */ = {isa = PBXFileReference; lastKnownFileType = file.storyboard; name = Base; path = Base.lproj/Main.storyboard; sourceTree = "<group>"; };
		D443EF40206EDC3B000C58CB /* Assets.xcassets */ = {isa = PBXFileReference; lastKnownFileType = folder.assetcatalog; path = Assets.xcassets; sourceTree = "<group>"; };
		D443EF43206EDC3B000C58CB /* Base */ = {isa = PBXFileReference; lastKnownFileType = file.storyboard; name = Base; path = Base.lproj/LaunchScreen.storyboard; sourceTree = "<group>"; };
		D443EF45206EDC3B000C58CB /* Info.plist */ = {isa = PBXFileReference; lastKnownFileType = text.plist.xml; path = Info.plist; sourceTree = "<group>"; };
		D443EF4A206EDC3B000C58CB /* Pic.a.PupTests.xctest */ = {isa = PBXFileReference; explicitFileType = wrapper.cfbundle; includeInIndex = 0; path = Pic.a.PupTests.xctest; sourceTree = BUILT_PRODUCTS_DIR; };
		D443EF4E206EDC3B000C58CB /* Pic_a_PupTests.swift */ = {isa = PBXFileReference; lastKnownFileType = sourcecode.swift; path = Pic_a_PupTests.swift; sourceTree = "<group>"; };
		D443EF50206EDC3B000C58CB /* Info.plist */ = {isa = PBXFileReference; lastKnownFileType = text.plist.xml; path = Info.plist; sourceTree = "<group>"; };
		D443EF55206EDC3B000C58CB /* Pic.a.PupUITests.xctest */ = {isa = PBXFileReference; explicitFileType = wrapper.cfbundle; includeInIndex = 0; path = Pic.a.PupUITests.xctest; sourceTree = BUILT_PRODUCTS_DIR; };
		D443EF59206EDC3B000C58CB /* Pic_a_PupUITests.swift */ = {isa = PBXFileReference; lastKnownFileType = sourcecode.swift; path = Pic_a_PupUITests.swift; sourceTree = "<group>"; };
		D443EF5B206EDC3B000C58CB /* Info.plist */ = {isa = PBXFileReference; lastKnownFileType = text.plist.xml; path = Info.plist; sourceTree = "<group>"; };
/* End PBXFileReference section */

/* Begin PBXFrameworksBuildPhase section */
		D443EF33206EDC3B000C58CB /* Frameworks */ = {
			isa = PBXFrameworksBuildPhase;
			buildActionMask = 2147483647;
			files = (
			);
			runOnlyForDeploymentPostprocessing = 0;
		};
		D443EF47206EDC3B000C58CB /* Frameworks */ = {
			isa = PBXFrameworksBuildPhase;
			buildActionMask = 2147483647;
			files = (
			);
			runOnlyForDeploymentPostprocessing = 0;
		};
		D443EF52206EDC3B000C58CB /* Frameworks */ = {
			isa = PBXFrameworksBuildPhase;
			buildActionMask = 2147483647;
			files = (
			);
			runOnlyForDeploymentPostprocessing = 0;
		};
/* End PBXFrameworksBuildPhase section */

/* Begin PBXGroup section */
		D443EF2D206EDC3B000C58CB = {
			isa = PBXGroup;
			children = (
				D443EF38206EDC3B000C58CB /* Pic.a.Pup */,
				D443EF4D206EDC3B000C58CB /* Pic.a.PupTests */,
				D443EF58206EDC3B000C58CB /* Pic.a.PupUITests */,
				D443EF37206EDC3B000C58CB /* Products */,
			);
			sourceTree = "<group>";
		};
		D443EF37206EDC3B000C58CB /* Products */ = {
			isa = PBXGroup;
			children = (
				D443EF36206EDC3B000C58CB /* Pic.a.Pup.app */,
				D443EF4A206EDC3B000C58CB /* Pic.a.PupTests.xctest */,
				D443EF55206EDC3B000C58CB /* Pic.a.PupUITests.xctest */,
			);
			name = Products;
			sourceTree = "<group>";
		};
		D443EF38206EDC3B000C58CB /* Pic.a.Pup */ = {
			isa = PBXGroup;
			children = (
				D443EF39206EDC3B000C58CB /* AppDelegate.swift */,
				D443EF3B206EDC3B000C58CB /* ViewController.swift */,
				D443EF3D206EDC3B000C58CB /* Main.storyboard */,
				D443EF40206EDC3B000C58CB /* Assets.xcassets */,
				D443EF42206EDC3B000C58CB /* LaunchScreen.storyboard */,
				D443EF45206EDC3B000C58CB /* Info.plist */,
			);
			path = Pic.a.Pup;
			sourceTree = "<group>";
		};
		D443EF4D206EDC3B000C58CB /* Pic.a.PupTests */ = {
			isa = PBXGroup;
			children = (
				D443EF4E206EDC3B000C58CB /* Pic_a_PupTests.swift */,
				D443EF50206EDC3B000C58CB /* Info.plist */,
			);
			path = Pic.a.PupTests;
			sourceTree = "<group>";
		};
		D443EF58206EDC3B000C58CB /* Pic.a.PupUITests */ = {
			isa = PBXGroup;
			children = (
				D443EF59206EDC3B000C58CB /* Pic_a_PupUITests.swift */,
				D443EF5B206EDC3B000C58CB /* Info.plist */,
			);
			path = Pic.a.PupUITests;
			sourceTree = "<group>";
		};
/* End PBXGroup section */

/* Begin PBXNativeTarget section */
		D443EF35206EDC3B000C58CB /* Pic.a.Pup */ = {
			isa = PBXNativeTarget;
			buildConfigurationList = D443EF5E206EDC3B000C58CB /* Build configuration list for PBXNativeTarget "Pic.a.Pup" */;
			buildPhases = (
				D443EF32206EDC3B000C58CB /* Sources */,
				D443EF33206EDC3B000C58CB /* Frameworks */,
				D443EF34206EDC3B000C58CB /* Resources */,
			);
			buildRules = (
			);
			dependencies = (
			);
			name = Pic.a.Pup;
			productName = Pic.a.Pup;
			productReference = D443EF36206EDC3B000C58CB /* Pic.a.Pup.app */;
			productType = "com.apple.product-type.application";
		};
		D443EF49206EDC3B000C58CB /* Pic.a.PupTests */ = {
			isa = PBXNativeTarget;
			buildConfigurationList = D443EF61206EDC3B000C58CB /* Build configuration list for PBXNativeTarget "Pic.a.PupTests" */;
			buildPhases = (
				D443EF46206EDC3B000C58CB /* Sources */,
				D443EF47206EDC3B000C58CB /* Frameworks */,
				D443EF48206EDC3B000C58CB /* Resources */,
			);
			buildRules = (
			);
			dependencies = (
				D443EF4C206EDC3B000C58CB /* PBXTargetDependency */,
			);
			name = Pic.a.PupTests;
			productName = Pic.a.PupTests;
			productReference = D443EF4A206EDC3B000C58CB /* Pic.a.PupTests.xctest */;
			productType = "com.apple.product-type.bundle.unit-test";
		};
		D443EF54206EDC3B000C58CB /* Pic.a.PupUITests */ = {
			isa = PBXNativeTarget;
			buildConfigurationList = D443EF64206EDC3B000C58CB /* Build configuration list for PBXNativeTarget "Pic.a.PupUITests" */;
			buildPhases = (
				D443EF51206EDC3B000C58CB /* Sources */,
				D443EF52206EDC3B000C58CB /* Frameworks */,
				D443EF53206EDC3B000C58CB /* Resources */,
			);
			buildRules = (
			);
			dependencies = (
				D443EF57206EDC3B000C58CB /* PBXTargetDependency */,
			);
			name = Pic.a.PupUITests;
			productName = Pic.a.PupUITests;
			productReference = D443EF55206EDC3B000C58CB /* Pic.a.PupUITests.xctest */;
			productType = "com.apple.product-type.bundle.ui-testing";
		};
/* End PBXNativeTarget section */

/* Begin PBXProject section */
		D443EF2E206EDC3B000C58CB /* Project object */ = {
			isa = PBXProject;
			attributes = {
				LastSwiftUpdateCheck = 0920;
				LastUpgradeCheck = 0920;
				ORGANIZATIONNAME = Philip;
				TargetAttributes = {
					D443EF35206EDC3B000C58CB = {
						CreatedOnToolsVersion = 9.2;
						ProvisioningStyle = Automatic;
					};
					D443EF49206EDC3B000C58CB = {
						CreatedOnToolsVersion = 9.2;
						ProvisioningStyle = Automatic;
						TestTargetID = D443EF35206EDC3B000C58CB;
					};
					D443EF54206EDC3B000C58CB = {
						CreatedOnToolsVersion = 9.2;
						ProvisioningStyle = Automatic;
						TestTargetID = D443EF35206EDC3B000C58CB;
					};
				};
			};
			buildConfigurationList = D443EF31206EDC3B000C58CB /* Build configuration list for PBXProject "Pic.a.Pup" */;
			compatibilityVersion = "Xcode 8.0";
			developmentRegion = en;
			hasScannedForEncodings = 0;
			knownRegions = (
				en,
				Base,
			);
			mainGroup = D443EF2D206EDC3B000C58CB;
			productRefGroup = D443EF37206EDC3B000C58CB /* Products */;
			projectDirPath = "";
			projectRoot = "";
			targets = (
				D443EF35206EDC3B000C58CB /* Pic.a.Pup */,
				D443EF49206EDC3B000C58CB /* Pic.a.PupTests */,
				D443EF54206EDC3B000C58CB /* Pic.a.PupUITests */,
			);
		};
/* End PBXProject section */

/* Begin PBXResourcesBuildPhase section */
		D443EF34206EDC3B000C58CB /* Resources */ = {
			isa = PBXResourcesBuildPhase;
			buildActionMask = 2147483647;
			files = (
				D443EF44206EDC3B000C58CB /* LaunchScreen.storyboard in Resources */,
				D443EF41206EDC3B000C58CB /* Assets.xcassets in Resources */,
				D443EF3F206EDC3B000C58CB /* Main.storyboard in Resources */,
			);
			runOnlyForDeploymentPostprocessing = 0;
		};
		D443EF48206EDC3B000C58CB /* Resources */ = {
			isa = PBXResourcesBuildPhase;
			buildActionMask = 2147483647;
			files = (
			);
			runOnlyForDeploymentPostprocessing = 0;
		};
		D443EF53206EDC3B000C58CB /* Resources */ = {
			isa = PBXResourcesBuildPhase;
			buildActionMask = 2147483647;
			files = (
			);
			runOnlyForDeploymentPostprocessing = 0;
		};
/* End PBXResourcesBuildPhase section */

/* Begin PBXSourcesBuildPhase section */
		D443EF32206EDC3B000C58CB /* Sources */ = {
			isa = PBXSourcesBuildPhase;
			buildActionMask = 2147483647;
			files = (
				D443EF3C206EDC3B000C58CB /* ViewController.swift in Sources */,
				D443EF3A206EDC3B000C58CB /* AppDelegate.swift in Sources */,
			);
			runOnlyForDeploymentPostprocessing = 0;
		};
		D443EF46206EDC3B000C58CB /* Sources */ = {
			isa = PBXSourcesBuildPhase;
			buildActionMask = 2147483647;
			files = (
				D443EF4F206EDC3B000C58CB /* Pic_a_PupTests.swift in Sources */,
			);
			runOnlyForDeploymentPostprocessing = 0;
		};
		D443EF51206EDC3B000C58CB /* Sources */ = {
			isa = PBXSourcesBuildPhase;
			buildActionMask = 2147483647;
			files = (
				D443EF5A206EDC3B000C58CB /* Pic_a_PupUITests.swift in Sources */,
			);
			runOnlyForDeploymentPostprocessing = 0;
		};
/* End PBXSourcesBuildPhase section */

/* Begin PBXTargetDependency section */
		D443EF4C206EDC3B000C58CB /* PBXTargetDependency */ = {
			isa = PBXTargetDependency;
			target = D443EF35206EDC3B000C58CB /* Pic.a.Pup */;
			targetProxy = D443EF4B206EDC3B000C58CB /* PBXContainerItemProxy */;
		};
		D443EF57206EDC3B000C58CB /* PBXTargetDependency */ = {
			isa = PBXTargetDependency;
			target = D443EF35206EDC3B000C58CB /* Pic.a.Pup */;
			targetProxy = D443EF56206EDC3B000C58CB /* PBXContainerItemProxy */;
		};
/* End PBXTargetDependency section */

/* Begin PBXVariantGroup section */
		D443EF3D206EDC3B000C58CB /* Main.storyboard */ = {
			isa = PBXVariantGroup;
			children = (
				D443EF3E206EDC3B000C58CB /* Base */,
			);
			name = Main.storyboard;
			sourceTree = "<group>";
		};
		D443EF42206EDC3B000C58CB /* LaunchScreen.storyboard */ = {
			isa = PBXVariantGroup;
			children = (
				D443EF43206EDC3B000C58CB /* Base */,
			);
			name = LaunchScreen.storyboard;
			sourceTree = "<group>";
		};
/* End PBXVariantGroup section */

/* Begin XCBuildConfiguration section */
		D443EF5C206EDC3B000C58CB /* Debug */ = {
			isa = XCBuildConfiguration;
			buildSettings = {
				ALWAYS_SEARCH_USER_PATHS = NO;
				CLANG_ANALYZER_NONNULL = YES;
				CLANG_ANALYZER_NUMBER_OBJECT_CONVERSION = YES_AGGRESSIVE;
				CLANG_CXX_LANGUAGE_STANDARD = "gnu++14";
				CLANG_CXX_LIBRARY = "libc++";
				CLANG_ENABLE_MODULES = YES;
				CLANG_ENABLE_OBJC_ARC = YES;
				CLANG_WARN_BLOCK_CAPTURE_AUTORELEASING = YES;
				CLANG_WARN_BOOL_CONVERSION = YES;
				CLANG_WARN_COMMA = YES;
				CLANG_WARN_CONSTANT_CONVERSION = YES;
				CLANG_WARN_DIRECT_OBJC_ISA_USAGE = YES_ERROR;
				CLANG_WARN_DOCUMENTATION_COMMENTS = YES;
				CLANG_WARN_EMPTY_BODY = YES;
				CLANG_WARN_ENUM_CONVERSION = YES;
				CLANG_WARN_INFINITE_RECURSION = YES;
				CLANG_WARN_INT_CONVERSION = YES;
				CLANG_WARN_NON_LITERAL_NULL_CONVERSION = YES;
				CLANG_WARN_OBJC_LITERAL_CONVERSION = YES;
				CLANG_WARN_OBJC_ROOT_CLASS = YES_ERROR;
				CLANG_WARN_RANGE_LOOP_ANALYSIS = YES;
				CLANG_WARN_STRICT_PROTOTYPES = YES;
				CLANG_WARN_SUSPICIOUS_MOVE = YES;
				CLANG_WARN_UNGUARDED_AVAILABILITY = YES_AGGRESSIVE;
				CLANG_WARN_UNREACHABLE_CODE = YES;
				CLANG_WARN__DUPLICATE_METHOD_MATCH = YES;
				CODE_SIGN_IDENTITY = "iPhone Developer";
				COPY_PHASE_STRIP = NO;
				DEBUG_INFORMATION_FORMAT = dwarf;
				ENABLE_STRICT_OBJC_MSGSEND = YES;
				ENABLE_TESTABILITY = YES;
				GCC_C_LANGUAGE_STANDARD = gnu11;
				GCC_DYNAMIC_NO_PIC = NO;
				GCC_NO_COMMON_BLOCKS = YES;
				GCC_OPTIMIZATION_LEVEL = 0;
				GCC_PREPROCESSOR_DEFINITIONS = (
					"DEBUG=1",
					"$(inherited)",
				);
				GCC_WARN_64_TO_32_BIT_CONVERSION = YES;
				GCC_WARN_ABOUT_RETURN_TYPE = YES_ERROR;
				GCC_WARN_UNDECLARED_SELECTOR = YES;
				GCC_WARN_UNINITIALIZED_AUTOS = YES_AGGRESSIVE;
				GCC_WARN_UNUSED_FUNCTION = YES;
				GCC_WARN_UNUSED_VARIABLE = YES;
				IPHONEOS_DEPLOYMENT_TARGET = 11.2;
				MTL_ENABLE_DEBUG_INFO = YES;
				ONLY_ACTIVE_ARCH = YES;
				SDKROOT = iphoneos;
				SWIFT_ACTIVE_COMPILATION_CONDITIONS = DEBUG;
				SWIFT_OPTIMIZATION_LEVEL = "-Onone";
			};
			name = Debug;
		};
		D443EF5D206EDC3B000C58CB /* Release */ = {
			isa = XCBuildConfiguration;
			buildSettings = {
				ALWAYS_SEARCH_USER_PATHS = NO;
				CLANG_ANALYZER_NONNULL = YES;
				CLANG_ANALYZER_NUMBER_OBJECT_CONVERSION = YES_AGGRESSIVE;
				CLANG_CXX_LANGUAGE_STANDARD = "gnu++14";
				CLANG_CXX_LIBRARY = "libc++";
				CLANG_ENABLE_MODULES = YES;
				CLANG_ENABLE_OBJC_ARC = YES;
				CLANG_WARN_BLOCK_CAPTURE_AUTORELEASING = YES;
				CLANG_WARN_BOOL_CONVERSION = YES;
				CLANG_WARN_COMMA = YES;
				CLANG_WARN_CONSTANT_CONVERSION = YES;
				CLANG_WARN_DIRECT_OBJC_ISA_USAGE = YES_ERROR;
				CLANG_WARN_DOCUMENTATION_COMMENTS = YES;
				CLANG_WARN_EMPTY_BODY = YES;
				CLANG_WARN_ENUM_CONVERSION = YES;
				CLANG_WARN_INFINITE_RECURSION = YES;
				CLANG_WARN_INT_CONVERSION = YES;
				CLANG_WARN_NON_LITERAL_NULL_CONVERSION = YES;
				CLANG_WARN_OBJC_LITERAL_CONVERSION = YES;
				CLANG_WARN_OBJC_ROOT_CLASS = YES_ERROR;
				CLANG_WARN_RANGE_LOOP_ANALYSIS = YES;
				CLANG_WARN_STRICT_PROTOTYPES = YES;
				CLANG_WARN_SUSPICIOUS_MOVE = YES;
				CLANG_WARN_UNGUARDED_AVAILABILITY = YES_AGGRESSIVE;
				CLANG_WARN_UNREACHABLE_CODE = YES;
				CLANG_WARN__DUPLICATE_METHOD_MATCH = YES;
				CODE_SIGN_IDENTITY = "iPhone Developer";
				COPY_PHASE_STRIP = NO;
				DEBUG_INFORMATION_FORMAT = "dwarf-with-dsym";
				ENABLE_NS_ASSERTIONS = NO;
				ENABLE_STRICT_OBJC_MSGSEND = YES;
				GCC_C_LANGUAGE_STANDARD = gnu11;
				GCC_NO_COMMON_BLOCKS = YES;
				GCC_WARN_64_TO_32_BIT_CONVERSION = YES;
				GCC_WARN_ABOUT_RETURN_TYPE = YES_ERROR;
				GCC_WARN_UNDECLARED_SELECTOR = YES;
				GCC_WARN_UNINITIALIZED_AUTOS = YES_AGGRESSIVE;
				GCC_WARN_UNUSED_FUNCTION = YES;
				GCC_WARN_UNUSED_VARIABLE = YES;
				IPHONEOS_DEPLOYMENT_TARGET = 11.2;
				MTL_ENABLE_DEBUG_INFO = NO;
				SDKROOT = iphoneos;
				SWIFT_OPTIMIZATION_LEVEL = "-Owholemodule";
				VALIDATE_PRODUCT = YES;
			};
			name = Release;
		};
		D443EF5F206EDC3B000C58CB /* Debug */ = {
			isa = XCBuildConfiguration;
			buildSettings = {
				ASSETCATALOG_COMPILER_APPICON_NAME = AppIcon;
				CODE_SIGN_STYLE = Automatic;
				DEVELOPMENT_TEAM = 7G82ECD844;
				INFOPLIST_FILE = Pic.a.Pup/Info.plist;
				LD_RUNPATH_SEARCH_PATHS = "$(inherited) @executable_path/Frameworks";
				PRODUCT_BUNDLE_IDENTIFIER = "com.pic-a-pup.Pic-a-Pup";
				PRODUCT_NAME = "$(TARGET_NAME)";
				SWIFT_VERSION = 4.0;
				TARGETED_DEVICE_FAMILY = "1,2";
			};
			name = Debug;
		};
		D443EF60206EDC3B000C58CB /* Release */ = {
			isa = XCBuildConfiguration;
			buildSettings = {
				ASSETCATALOG_COMPILER_APPICON_NAME = AppIcon;
				CODE_SIGN_STYLE = Automatic;
				DEVELOPMENT_TEAM = 7G82ECD844;
				INFOPLIST_FILE = Pic.a.Pup/Info.plist;
				LD_RUNPATH_SEARCH_PATHS = "$(inherited) @executable_path/Frameworks";
				PRODUCT_BUNDLE_IDENTIFIER = "com.pic-a-pup.Pic-a-Pup";
				PRODUCT_NAME = "$(TARGET_NAME)";
				SWIFT_VERSION = 4.0;
				TARGETED_DEVICE_FAMILY = "1,2";
			};
			name = Release;
		};
		D443EF62206EDC3B000C58CB /* Debug */ = {
			isa = XCBuildConfiguration;
			buildSettings = {
				ALWAYS_EMBED_SWIFT_STANDARD_LIBRARIES = YES;
				BUNDLE_LOADER = "$(TEST_HOST)";
				CODE_SIGN_STYLE = Automatic;
				DEVELOPMENT_TEAM = 7G82ECD844;
				INFOPLIST_FILE = Pic.a.PupTests/Info.plist;
				LD_RUNPATH_SEARCH_PATHS = "$(inherited) @executable_path/Frameworks @loader_path/Frameworks";
				PRODUCT_BUNDLE_IDENTIFIER = "com.pic-a-pup.Pic-a-PupTests";
				PRODUCT_NAME = "$(TARGET_NAME)";
				SWIFT_VERSION = 4.0;
				TARGETED_DEVICE_FAMILY = "1,2";
				TEST_HOST = "$(BUILT_PRODUCTS_DIR)/Pic.a.Pup.app/Pic.a.Pup";
			};
			name = Debug;
		};
		D443EF63206EDC3B000C58CB /* Release */ = {
			isa = XCBuildConfiguration;
			buildSettings = {
				ALWAYS_EMBED_SWIFT_STANDARD_LIBRARIES = YES;
				BUNDLE_LOADER = "$(TEST_HOST)";
				CODE_SIGN_STYLE = Automatic;
				DEVELOPMENT_TEAM = 7G82ECD844;
				INFOPLIST_FILE = Pic.a.PupTests/Info.plist;
				LD_RUNPATH_SEARCH_PATHS = "$(inherited) @executable_path/Frameworks @loader_path/Frameworks";
				PRODUCT_BUNDLE_IDENTIFIER = "com.pic-a-pup.Pic-a-PupTests";
				PRODUCT_NAME = "$(TARGET_NAME)";
				SWIFT_VERSION = 4.0;
				TARGETED_DEVICE_FAMILY = "1,2";
				TEST_HOST = "$(BUILT_PRODUCTS_DIR)/Pic.a.Pup.app/Pic.a.Pup";
			};
			name = Release;
		};
		D443EF65206EDC3B000C58CB /* Debug */ = {
			isa = XCBuildConfiguration;
			buildSettings = {
				ALWAYS_EMBED_SWIFT_STANDARD_LIBRARIES = YES;
				CODE_SIGN_STYLE = Automatic;
				DEVELOPMENT_TEAM = 7G82ECD844;
				INFOPLIST_FILE = Pic.a.PupUITests/Info.plist;
				LD_RUNPATH_SEARCH_PATHS = "$(inherited) @executable_path/Frameworks @loader_path/Frameworks";
				PRODUCT_BUNDLE_IDENTIFIER = "com.pic-a-pup.Pic-a-PupUITests";
				PRODUCT_NAME = "$(TARGET_NAME)";
				SWIFT_VERSION = 4.0;
				TARGETED_DEVICE_FAMILY = "1,2";
				TEST_TARGET_NAME = Pic.a.Pup;
			};
			name = Debug;
		};
		D443EF66206EDC3B000C58CB /* Release */ = {
			isa = XCBuildConfiguration;
			buildSettings = {
				ALWAYS_EMBED_SWIFT_STANDARD_LIBRARIES = YES;
				CODE_SIGN_STYLE = Automatic;
				DEVELOPMENT_TEAM = 7G82ECD844;
				INFOPLIST_FILE = Pic.a.PupUITests/Info.plist;
				LD_RUNPATH_SEARCH_PATHS = "$(inherited) @executable_path/Frameworks @loader_path/Frameworks";
				PRODUCT_BUNDLE_IDENTIFIER = "com.pic-a-pup.Pic-a-PupUITests";
				PRODUCT_NAME = "$(TARGET_NAME)";
				SWIFT_VERSION = 4.0;
				TARGETED_DEVICE_FAMILY = "1,2";
				TEST_TARGET_NAME = Pic.a.Pup;
			};
			name = Release;
		};
/* End XCBuildConfiguration section */

/* Begin XCConfigurationList section */
		D443EF31206EDC3B000C58CB /* Build configuration list for PBXProject "Pic.a.Pup" */ = {
			isa = XCConfigurationList;
			buildConfigurations = (
				D443EF5C206EDC3B000C58CB /* Debug */,
				D443EF5D206EDC3B000C58CB /* Release */,
			);
			defaultConfigurationIsVisible = 0;
			defaultConfigurationName = Release;
		};
		D443EF5E206EDC3B000C58CB /* Build configuration list for PBXNativeTarget "Pic.a.Pup" */ = {
			isa = XCConfigurationList;
			buildConfigurations = (
				D443EF5F206EDC3B000C58CB /* Debug */,
				D443EF60206EDC3B000C58CB /* Release */,
			);
			defaultConfigurationIsVisible = 0;
			defaultConfigurationName = Release;
		};
		D443EF61206EDC3B000C58CB /* Build configuration list for PBXNativeTarget "Pic.a.PupTests" */ = {
			isa = XCConfigurationList;
			buildConfigurations = (
				D443EF62206EDC3B000C58CB /* Debug */,
				D443EF63206EDC3B000C58CB /* Release */,
			);
			defaultConfigurationIsVisible = 0;
			defaultConfigurationName = Release;
		};
		D443EF64206EDC3B000C58CB /* Build configuration list for PBXNativeTarget "Pic.a.PupUITests" */ = {
			isa = XCConfigurationList;
			buildConfigurations = (
				D443EF65206EDC3B000C58CB /* Debug */,
				D443EF66206EDC3B000C58CB /* Release */,
			);
			defaultConfigurationIsVisible = 0;
			defaultConfigurationName = Release;
		};
/* End XCConfigurationList section */
	};
	rootObject = D443EF2E206EDC3B000C58CB /* Project object */;
}
